
Microsoft Visual Studio Solution File, Format Version 12.00
# Visual Studio Version 17
VisualStudioVersion = 17.4.33213.308
MinimumVisualStudioVersion = 10.0.40219.1
Project("{9A19103F-16F7-4668-BE54-9A1E7A4F7556}") = "Three", "Three\Three.csproj", "{DB1B3902-16F5-4C3C-A8F1-00EA2B66C557}"
EndProject
Project("{9A19103F-16F7-4668-BE54-9A1E7A4F7556}") = "Seven", "Seven\Seven.csproj", "{0D433F2D-CD05-408C-8918-25A807DE672D}"
EndProject
Project("{9A19103F-16F7-4668-BE54-9A1E7A4F7556}") = "Eight", "Eight\Eight.csproj", "{1A14229E-D7F2-4884-96C7-1294EE4815CE}"
EndProject
Project("{FAE04EC0-301F-11D3-BF4B-00C04F79EFBC}") = "Nine", "Nine\Nine.csproj", "{E1E384AF-A32E-4200-BAEC-844551594AE4}"
EndProject
Project("{FAE04EC0-301F-11D3-BF4B-00C04F79EFBC}") = "Ten", "Ten\Ten.csproj", "{99F5C235-1589-4AE8-BA69-C237D7ABD27D}"
EndProject
Project("{FAE04EC0-301F-11D3-BF4B-00C04F79EFBC}") = "Eleven", "Eleven\Eleven.csproj", "{47C4B0DF-A7FC-434D-897D-C2EADA799FC4}"
EndProject
Project("{FAE04EC0-301F-11D3-BF4B-00C04F79EFBC}") = "Twelve", "Twelve\Twelve.csproj", "{B8091676-CFB4-44D1-B1A0-939A45AA5F7F}"
EndProject
Project("{FAE04EC0-301F-11D3-BF4B-00C04F79EFBC}") = "Thirteen", "Thirteen\Thirteen.csproj", "{5064E8A2-8268-4D15-86D5-23CB3A16AC11}"
EndProject
Project("{FAE04EC0-301F-11D3-BF4B-00C04F79EFBC}") = "Fourteen", "Fourteen\Fourteen.csproj", "{824CA1C2-4465-4191-ADC1-EF93F9814807}"
EndProject
Global
	GlobalSection(SolutionConfigurationPlatforms) = preSolution
		Debug|Any CPU = Debug|Any CPU
		Release|Any CPU = Release|Any CPU
	EndGlobalSection
	GlobalSection(ProjectConfigurationPlatforms) = postSolution
		{DB1B3902-16F5-4C3C-A8F1-00EA2B66C557}.Debug|Any CPU.ActiveCfg = Debug|Any CPU
		{DB1B3902-16F5-4C3C-A8F1-00EA2B66C557}.Debug|Any CPU.Build.0 = Debug|Any CPU
		{DB1B3902-16F5-4C3C-A8F1-00EA2B66C557}.Release|Any CPU.ActiveCfg = Release|Any CPU
		{DB1B3902-16F5-4C3C-A8F1-00EA2B66C557}.Release|Any CPU.Build.0 = Release|Any CPU
		{0D433F2D-CD05-408C-8918-25A807DE672D}.Debug|Any CPU.ActiveCfg = Debug|Any CPU
		{0D433F2D-CD05-408C-8918-25A807DE672D}.Debug|Any CPU.Build.0 = Debug|Any CPU
		{0D433F2D-CD05-408C-8918-25A807DE672D}.Release|Any CPU.ActiveCfg = Release|Any CPU
		{0D433F2D-CD05-408C-8918-25A807DE672D}.Release|Any CPU.Build.0 = Release|Any CPU
		{1A14229E-D7F2-4884-96C7-1294EE4815CE}.Debug|Any CPU.ActiveCfg = Debug|Any CPU
		{1A14229E-D7F2-4884-96C7-1294EE4815CE}.Debug|Any CPU.Build.0 = Debug|Any CPU
		{1A14229E-D7F2-4884-96C7-1294EE4815CE}.Release|Any CPU.ActiveCfg = Release|Any CPU
		{1A14229E-D7F2-4884-96C7-1294EE4815CE}.Release|Any CPU.Build.0 = Release|Any CPU
		{E1E384AF-A32E-4200-BAEC-844551594AE4}.Debug|Any CPU.ActiveCfg = Debug|Any CPU
		{E1E384AF-A32E-4200-BAEC-844551594AE4}.Debug|Any CPU.Build.0 = Debug|Any CPU
		{E1E384AF-A32E-4200-BAEC-844551594AE4}.Release|Any CPU.ActiveCfg = Release|Any CPU
		{E1E384AF-A32E-4200-BAEC-844551594AE4}.Release|Any CPU.Build.0 = Release|Any CPU
		{99F5C235-1589-4AE8-BA69-C237D7ABD27D}.Debug|Any CPU.ActiveCfg = Debug|Any CPU
		{99F5C235-1589-4AE8-BA69-C237D7ABD27D}.Debug|Any CPU.Build.0 = Debug|Any CPU
		{99F5C235-1589-4AE8-BA69-C237D7ABD27D}.Release|Any CPU.ActiveCfg = Release|Any CPU
		{99F5C235-1589-4AE8-BA69-C237D7ABD27D}.Release|Any CPU.Build.0 = Release|Any CPU
		{47C4B0DF-A7FC-434D-897D-C2EADA799FC4}.Debug|Any CPU.ActiveCfg = Debug|Any CPU
		{47C4B0DF-A7FC-434D-897D-C2EADA799FC4}.Debug|Any CPU.Build.0 = Debug|Any CPU
		{47C4B0DF-A7FC-434D-897D-C2EADA799FC4}.Release|Any CPU.ActiveCfg = Release|Any CPU
		{47C4B0DF-A7FC-434D-897D-C2EADA799FC4}.Release|Any CPU.Build.0 = Release|Any CPU
		{B8091676-CFB4-44D1-B1A0-939A45AA5F7F}.Debug|Any CPU.ActiveCfg = Debug|Any CPU
		{B8091676-CFB4-44D1-B1A0-939A45AA5F7F}.Debug|Any CPU.Build.0 = Debug|Any CPU
		{B8091676-CFB4-44D1-B1A0-939A45AA5F7F}.Release|Any CPU.ActiveCfg = Release|Any CPU
		{B8091676-CFB4-44D1-B1A0-939A45AA5F7F}.Release|Any CPU.Build.0 = Release|Any CPU
		{5064E8A2-8268-4D15-86D5-23CB3A16AC11}.Debug|Any CPU.ActiveCfg = Debug|Any CPU
		{5064E8A2-8268-4D15-86D5-23CB3A16AC11}.Debug|Any CPU.Build.0 = Debug|Any CPU
		{5064E8A2-8268-4D15-86D5-23CB3A16AC11}.Release|Any CPU.ActiveCfg = Release|Any CPU
		{5064E8A2-8268-4D15-86D5-23CB3A16AC11}.Release|Any CPU.Build.0 = Release|Any CPU
		{824CA1C2-4465-4191-ADC1-EF93F9814807}.Debug|Any CPU.ActiveCfg = Debug|Any CPU
		{824CA1C2-4465-4191-ADC1-EF93F9814807}.Debug|Any CPU.Build.0 = Debug|Any CPU
		{824CA1C2-4465-4191-ADC1-EF93F9814807}.Release|Any CPU.ActiveCfg = Release|Any CPU
		{824CA1C2-4465-4191-ADC1-EF93F9814807}.Release|Any CPU.Build.0 = Release|Any CPU
	EndGlobalSection
	GlobalSection(SolutionProperties) = preSolution
		HideSolutionNode = FALSE
	EndGlobalSection
	GlobalSection(ExtensibilityGlobals) = postSolution
		SolutionGuid = {264BD100-AE38-4762-B3FB-1829EC455B91}
	EndGlobalSection
EndGlobal
