
Microsoft Visual Studio Solution File, Format Version 12.00
# Visual Studio Version 17
VisualStudioVersion = 17.4.33213.308
MinimumVisualStudioVersion = 10.0.40219.1
Project("{9A19103F-16F7-4668-BE54-9A1E7A4F7556}") = "Three", "Three\Three.csproj", "{DB1B3902-16F5-4C3C-A8F1-00EA2B66C557}"
EndProject
Project("{9A19103F-16F7-4668-BE54-9A1E7A4F7556}") = "Seven", "Seven\Seven.csproj", "{0D433F2D-CD05-408C-8918-25A807DE672D}"
EndProject
Project("{9A19103F-16F7-4668-BE54-9A1E7A4F7556}") = "Eight", "Eight\Eight.csproj", "{1A14229E-D7F2-4884-96C7-1294EE4815CE}"
EndProject
Project("{FAE04EC0-301F-11D3-BF4B-00C04F79EFBC}") = "Nine", "Nine\Nine.csproj", "{E1E384AF-A32E-4200-BAEC-844551594AE4}"
EndProject
Project("{FAE04EC0-301F-11D3-BF4B-00C04F79EFBC}") = "Ten", "Ten\Ten.csproj", "{99F5C235-1589-4AE8-BA69-C237D7ABD27D}"
EndProject
Project("{FAE04EC0-301F-11D3-BF4B-00C04F79EFBC}") = "Eleven", "Eleven\Eleven.csproj", "{47C4B0DF-A7FC-434D-897D-C2EADA799FC4}"
EndProject
Project("{FAE04EC0-301F-11D3-BF4B-00C04F79EFBC}") = "Twelve", "Twelve\Twelve.csproj", "{B8091676-CFB4-44D1-B1A0-939A45AA5F7F}"
EndProject
Project("{FAE04EC0-301F-11D3-BF4B-00C04F79EFBC}") = "Thirteen", "Thirteen\Thirteen.csproj", "{5064E8A2-8268-4D15-86D5-23CB3A16AC11}"
EndProject
Project("{FAE04EC0-301F-11D3-BF4B-00C04F79EFBC}") = "Fourteen", "Fourteen\Fourteen.csproj", "{824CA1C2-4465-4191-ADC1-EF93F9814807}"
EndProject
Project("{FAE04EC0-301F-11D3-BF4B-00C04F79EFBC}") = "Eighteen", "Eighteen\Eighteen.csproj", "{2C7FCFA0-959E-46D6-AA16-196D88FEADA6}"
EndProject
Project("{FAE04EC0-301F-11D3-BF4B-00C04F79EFBC}") = "TwentyFour", "TwentyFour\TwentyFour.csproj", "{A029E4D0-8941-4D1D-99FE-B2928670A2C1}"
EndProject
Project("{FAE04EC0-301F-11D3-BF4B-00C04F79EFBC}") = "TwentyFive", "TwentyFive\TwentyFive.csproj", "{8387D6AE-866A-45A1-AB9D-48E04976E84A}"
EndProject
Project("{FAE04EC0-301F-11D3-BF4B-00C04F79EFBC}") = "TwentySix", "TwentySix\TwentySix.csproj", "{12C056E3-3942-481F-BF92-012AB13FB105}"
EndProject
Project("{FAE04EC0-301F-11D3-BF4B-00C04F79EFBC}") = "TwentySeven", "TwentySeven\TwentySeven.csproj", "{22DF3764-D53F-4B01-B8FB-C856DE507E3C}"
EndProject
Project("{FAE04EC0-301F-11D3-BF4B-00C04F79EFBC}") = "TwentyEight", "TwentyEight\TwentyEight.csproj", "{4BEEA7A6-EF9D-4C3D-B2FC-F8E34DB9D56E}"
EndProject
Project("{FAE04EC0-301F-11D3-BF4B-00C04F79EFBC}") = "TwentyNine", "TwentyNine\TwentyNine.csproj", "{DA9F240F-7BF9-4461-81E6-88AC7DC021B0}"
EndProject
Project("{FAE04EC0-301F-11D3-BF4B-00C04F79EFBC}") = "Thirty", "Thirty\Thirty.csproj", "{6C74219E-0F05-4DAE-8C3A-8E616762E747}"
EndProject
Project("{FAE04EC0-301F-11D3-BF4B-00C04F79EFBC}") = "ThirtyOne", "ThirtyOne\ThirtyOne.csproj", "{CE99315F-21B8-4498-B24E-72E0E51C9985}"
EndProject
Global
	GlobalSection(SolutionConfigurationPlatforms) = preSolution
		Debug|Any CPU = Debug|Any CPU
		Release|Any CPU = Release|Any CPU
	EndGlobalSection
	GlobalSection(ProjectConfigurationPlatforms) = postSolution
		{DB1B3902-16F5-4C3C-A8F1-00EA2B66C557}.Debug|Any CPU.ActiveCfg = Debug|Any CPU
		{DB1B3902-16F5-4C3C-A8F1-00EA2B66C557}.Debug|Any CPU.Build.0 = Debug|Any CPU
		{DB1B3902-16F5-4C3C-A8F1-00EA2B66C557}.Release|Any CPU.ActiveCfg = Release|Any CPU
		{DB1B3902-16F5-4C3C-A8F1-00EA2B66C557}.Release|Any CPU.Build.0 = Release|Any CPU
		{0D433F2D-CD05-408C-8918-25A807DE672D}.Debug|Any CPU.ActiveCfg = Debug|Any CPU
		{0D433F2D-CD05-408C-8918-25A807DE672D}.Debug|Any CPU.Build.0 = Debug|Any CPU
		{0D433F2D-CD05-408C-8918-25A807DE672D}.Release|Any CPU.ActiveCfg = Release|Any CPU
		{0D433F2D-CD05-408C-8918-25A807DE672D}.Release|Any CPU.Build.0 = Release|Any CPU
		{1A14229E-D7F2-4884-96C7-1294EE4815CE}.Debug|Any CPU.ActiveCfg = Debug|Any CPU
		{1A14229E-D7F2-4884-96C7-1294EE4815CE}.Debug|Any CPU.Build.0 = Debug|Any CPU
		{1A14229E-D7F2-4884-96C7-1294EE4815CE}.Release|Any CPU.ActiveCfg = Release|Any CPU
		{1A14229E-D7F2-4884-96C7-1294EE4815CE}.Release|Any CPU.Build.0 = Release|Any CPU
		{E1E384AF-A32E-4200-BAEC-844551594AE4}.Debug|Any CPU.ActiveCfg = Debug|Any CPU
		{E1E384AF-A32E-4200-BAEC-844551594AE4}.Debug|Any CPU.Build.0 = Debug|Any CPU
		{E1E384AF-A32E-4200-BAEC-844551594AE4}.Release|Any CPU.ActiveCfg = Release|Any CPU
		{E1E384AF-A32E-4200-BAEC-844551594AE4}.Release|Any CPU.Build.0 = Release|Any CPU
		{99F5C235-1589-4AE8-BA69-C237D7ABD27D}.Debug|Any CPU.ActiveCfg = Debug|Any CPU
		{99F5C235-1589-4AE8-BA69-C237D7ABD27D}.Debug|Any CPU.Build.0 = Debug|Any CPU
		{99F5C235-1589-4AE8-BA69-C237D7ABD27D}.Release|Any CPU.ActiveCfg = Release|Any CPU
		{99F5C235-1589-4AE8-BA69-C237D7ABD27D}.Release|Any CPU.Build.0 = Release|Any CPU
		{47C4B0DF-A7FC-434D-897D-C2EADA799FC4}.Debug|Any CPU.ActiveCfg = Debug|Any CPU
		{47C4B0DF-A7FC-434D-897D-C2EADA799FC4}.Debug|Any CPU.Build.0 = Debug|Any CPU
		{47C4B0DF-A7FC-434D-897D-C2EADA799FC4}.Release|Any CPU.ActiveCfg = Release|Any CPU
		{47C4B0DF-A7FC-434D-897D-C2EADA799FC4}.Release|Any CPU.Build.0 = Release|Any CPU
		{B8091676-CFB4-44D1-B1A0-939A45AA5F7F}.Debug|Any CPU.ActiveCfg = Debug|Any CPU
		{B8091676-CFB4-44D1-B1A0-939A45AA5F7F}.Debug|Any CPU.Build.0 = Debug|Any CPU
		{B8091676-CFB4-44D1-B1A0-939A45AA5F7F}.Release|Any CPU.ActiveCfg = Release|Any CPU
		{B8091676-CFB4-44D1-B1A0-939A45AA5F7F}.Release|Any CPU.Build.0 = Release|Any CPU
		{5064E8A2-8268-4D15-86D5-23CB3A16AC11}.Debug|Any CPU.ActiveCfg = Debug|Any CPU
		{5064E8A2-8268-4D15-86D5-23CB3A16AC11}.Debug|Any CPU.Build.0 = Debug|Any CPU
		{5064E8A2-8268-4D15-86D5-23CB3A16AC11}.Release|Any CPU.ActiveCfg = Release|Any CPU
		{5064E8A2-8268-4D15-86D5-23CB3A16AC11}.Release|Any CPU.Build.0 = Release|Any CPU
		{824CA1C2-4465-4191-ADC1-EF93F9814807}.Debug|Any CPU.ActiveCfg = Debug|Any CPU
		{824CA1C2-4465-4191-ADC1-EF93F9814807}.Debug|Any CPU.Build.0 = Debug|Any CPU
		{824CA1C2-4465-4191-ADC1-EF93F9814807}.Release|Any CPU.ActiveCfg = Release|Any CPU
		{824CA1C2-4465-4191-ADC1-EF93F9814807}.Release|Any CPU.Build.0 = Release|Any CPU
		{2C7FCFA0-959E-46D6-AA16-196D88FEADA6}.Debug|Any CPU.ActiveCfg = Debug|Any CPU
		{2C7FCFA0-959E-46D6-AA16-196D88FEADA6}.Debug|Any CPU.Build.0 = Debug|Any CPU
		{2C7FCFA0-959E-46D6-AA16-196D88FEADA6}.Release|Any CPU.ActiveCfg = Release|Any CPU
		{2C7FCFA0-959E-46D6-AA16-196D88FEADA6}.Release|Any CPU.Build.0 = Release|Any CPU
		{A029E4D0-8941-4D1D-99FE-B2928670A2C1}.Debug|Any CPU.ActiveCfg = Debug|Any CPU
		{A029E4D0-8941-4D1D-99FE-B2928670A2C1}.Debug|Any CPU.Build.0 = Debug|Any CPU
		{A029E4D0-8941-4D1D-99FE-B2928670A2C1}.Release|Any CPU.ActiveCfg = Release|Any CPU
		{A029E4D0-8941-4D1D-99FE-B2928670A2C1}.Release|Any CPU.Build.0 = Release|Any CPU
		{8387D6AE-866A-45A1-AB9D-48E04976E84A}.Debug|Any CPU.ActiveCfg = Debug|Any CPU
		{8387D6AE-866A-45A1-AB9D-48E04976E84A}.Debug|Any CPU.Build.0 = Debug|Any CPU
		{8387D6AE-866A-45A1-AB9D-48E04976E84A}.Release|Any CPU.ActiveCfg = Release|Any CPU
		{8387D6AE-866A-45A1-AB9D-48E04976E84A}.Release|Any CPU.Build.0 = Release|Any CPU
		{12C056E3-3942-481F-BF92-012AB13FB105}.Debug|Any CPU.ActiveCfg = Debug|Any CPU
		{12C056E3-3942-481F-BF92-012AB13FB105}.Debug|Any CPU.Build.0 = Debug|Any CPU
		{12C056E3-3942-481F-BF92-012AB13FB105}.Release|Any CPU.ActiveCfg = Release|Any CPU
		{12C056E3-3942-481F-BF92-012AB13FB105}.Release|Any CPU.Build.0 = Release|Any CPU
		{22DF3764-D53F-4B01-B8FB-C856DE507E3C}.Debug|Any CPU.ActiveCfg = Debug|Any CPU
		{22DF3764-D53F-4B01-B8FB-C856DE507E3C}.Debug|Any CPU.Build.0 = Debug|Any CPU
		{22DF3764-D53F-4B01-B8FB-C856DE507E3C}.Release|Any CPU.ActiveCfg = Release|Any CPU
		{22DF3764-D53F-4B01-B8FB-C856DE507E3C}.Release|Any CPU.Build.0 = Release|Any CPU
		{4BEEA7A6-EF9D-4C3D-B2FC-F8E34DB9D56E}.Debug|Any CPU.ActiveCfg = Debug|Any CPU
		{4BEEA7A6-EF9D-4C3D-B2FC-F8E34DB9D56E}.Debug|Any CPU.Build.0 = Debug|Any CPU
		{4BEEA7A6-EF9D-4C3D-B2FC-F8E34DB9D56E}.Release|Any CPU.ActiveCfg = Release|Any CPU
		{4BEEA7A6-EF9D-4C3D-B2FC-F8E34DB9D56E}.Release|Any CPU.Build.0 = Release|Any CPU
		{DA9F240F-7BF9-4461-81E6-88AC7DC021B0}.Debug|Any CPU.ActiveCfg = Debug|Any CPU
		{DA9F240F-7BF9-4461-81E6-88AC7DC021B0}.Debug|Any CPU.Build.0 = Debug|Any CPU
		{DA9F240F-7BF9-4461-81E6-88AC7DC021B0}.Release|Any CPU.ActiveCfg = Release|Any CPU
		{DA9F240F-7BF9-4461-81E6-88AC7DC021B0}.Release|Any CPU.Build.0 = Release|Any CPU
		{6C74219E-0F05-4DAE-8C3A-8E616762E747}.Debug|Any CPU.ActiveCfg = Debug|Any CPU
		{6C74219E-0F05-4DAE-8C3A-8E616762E747}.Debug|Any CPU.Build.0 = Debug|Any CPU
		{6C74219E-0F05-4DAE-8C3A-8E616762E747}.Release|Any CPU.ActiveCfg = Release|Any CPU
		{6C74219E-0F05-4DAE-8C3A-8E616762E747}.Release|Any CPU.Build.0 = Release|Any CPU
		{CE99315F-21B8-4498-B24E-72E0E51C9985}.Debug|Any CPU.ActiveCfg = Debug|Any CPU
		{CE99315F-21B8-4498-B24E-72E0E51C9985}.Debug|Any CPU.Build.0 = Debug|Any CPU
		{CE99315F-21B8-4498-B24E-72E0E51C9985}.Release|Any CPU.ActiveCfg = Release|Any CPU
		{CE99315F-21B8-4498-B24E-72E0E51C9985}.Release|Any CPU.Build.0 = Release|Any CPU
	EndGlobalSection
	GlobalSection(SolutionProperties) = preSolution
		HideSolutionNode = FALSE
	EndGlobalSection
	GlobalSection(ExtensibilityGlobals) = postSolution
		SolutionGuid = {264BD100-AE38-4762-B3FB-1829EC455B91}
	EndGlobalSection
EndGlobal
